
Microsoft Visual Studio Solution File, Format Version 12.00
# Visual Studio Version 17
VisualStudioVersion = 17.14.37710.0
MinimumVisualStudioVersion = 10.0.40219.1
Project("{FAE04EC0-301F-11D3-BF4B-00C04F79EFBC}") = "Defender Cab Verification Tool", "Defender Cab Verification Tool.csproj", "{8640971E-BABB-4EBC-A88D-437F3B70F46E}"
EndProject
Global
	GlobalSection(SolutionConfigurationPlatforms) = preSolution
		Release|x64 = Release|x64
	EndGlobalSection
	GlobalSection(ProjectConfigurationPlatforms) = postSolution
		{8640971E-BABB-4EBC-A88D-437F3B70F46E}.Release|x64.ActiveCfg = Release|x64
		{8640971E-BABB-4EBC-A88D-437F3B70F46E}.Release|x64.Build.0 = Release|x64
	EndGlobalSection
	GlobalSection(SolutionProperties) = preSolution
		HideSolutionNode = FALSE
	EndGlobalSection
	GlobalSection(ExtensibilityGlobals) = postSolution
		SolutionGuid = {B03956F3-92B7-4799-8E00-D2CD72EE27E3}
	EndGlobalSection
EndGlobal
